
Microsoft Visual Studio Solution File, Format Version 12.00
# Visual Studio 15
VisualStudioVersion = 15.0.34930.48
MinimumVisualStudioVersion = 10.0.40219.1
Project("{FAE04EC0-301F-11D3-BF4B-00C04F79EFBC}") = "TestWPF", "TestWPF\TestWPF.csproj", "{1A694E9E-D922-4651-94DE-D704BEB537C1}"
EndProject
Project("{FAE04EC0-301F-11D3-BF4B-00C04F79EFBC}") = "Project1", "Project1\Project1.csproj", "{983BDF61-1BF9-4949-BC79-D0A8EE5894A2}"
EndProject
Project("{FAE04EC0-301F-11D3-BF4B-00C04F79EFBC}") = "Project2", "Project2\Project2.csproj", "{84A1DD1C-E6F3-40CE-A768-A3AD59EBA852}"
EndProject
Global
	GlobalSection(SolutionConfigurationPlatforms) = preSolution
		Debug|Any CPU = Debug|Any CPU
		Release|Any CPU = Release|Any CPU
	EndGlobalSection
	GlobalSection(ProjectConfigurationPlatforms) = postSolution
		{1A694E9E-D922-4651-94DE-D704BEB537C1}.Debug|Any CPU.ActiveCfg = Debug|Any CPU
		{1A694E9E-D922-4651-94DE-D704BEB537C1}.Debug|Any CPU.Build.0 = Debug|Any CPU
		{1A694E9E-D922-4651-94DE-D704BEB537C1}.Release|Any CPU.ActiveCfg = Release|Any CPU
		{1A694E9E-D922-4651-94DE-D704BEB537C1}.Release|Any CPU.Build.0 = Release|Any CPU
		{983BDF61-1BF9-4949-BC79-D0A8EE5894A2}.Debug|Any CPU.ActiveCfg = Debug|Any CPU
		{983BDF61-1BF9-4949-BC79-D0A8EE5894A2}.Debug|Any CPU.Build.0 = Debug|Any CPU
		{983BDF61-1BF9-4949-BC79-D0A8EE5894A2}.Release|Any CPU.ActiveCfg = Release|Any CPU
		{983BDF61-1BF9-4949-BC79-D0A8EE5894A2}.Release|Any CPU.Build.0 = Release|Any CPU
		{84A1DD1C-E6F3-40CE-A768-A3AD59EBA852}.Debug|Any CPU.ActiveCfg = Debug|Any CPU
		{84A1DD1C-E6F3-40CE-A768-A3AD59EBA852}.Debug|Any CPU.Build.0 = Debug|Any CPU
		{84A1DD1C-E6F3-40CE-A768-A3AD59EBA852}.Release|Any CPU.ActiveCfg = Release|Any CPU
		{84A1DD1C-E6F3-40CE-A768-A3AD59EBA852}.Release|Any CPU.Build.0 = Release|Any CPU
	EndGlobalSection
	GlobalSection(SolutionProperties) = preSolution
		HideSolutionNode = FALSE
	EndGlobalSection
	GlobalSection(ExtensibilityGlobals) = postSolution
		SolutionGuid = {983C13DE-0B8B-47BC-9D9E-2A9980A3AE85}
	EndGlobalSection
EndGlobal
